// !$*UTF8*$!
{
	archiveVersion = 1;
	classes = {
	};
	objectVersion = 56;
	objects = {

/* Begin PBXBuildFile section */
		1D42B7552A3732990062EEAA /* AddItemViewController.swift in Sources */ = {isa = PBXBuildFile; fileRef = 1D42B7542A3732990062EEAA /* AddItemViewController.swift */; };
		1D59546B2A307C0900D13E72 /* AppDelegate.swift in Sources */ = {isa = PBXBuildFile; fileRef = 1D59546A2A307C0900D13E72 /* AppDelegate.swift */; };
		1D59546D2A307C0900D13E72 /* SceneDelegate.swift in Sources */ = {isa = PBXBuildFile; fileRef = 1D59546C2A307C0900D13E72 /* SceneDelegate.swift */; };
		1D59546F2A307C0900D13E72 /* MainViewController.swift in Sources */ = {isa = PBXBuildFile; fileRef = 1D59546E2A307C0900D13E72 /* MainViewController.swift */; };
		1D5954722A307C0900D13E72 /* Main.storyboard in Resources */ = {isa = PBXBuildFile; fileRef = 1D5954702A307C0900D13E72 /* Main.storyboard */; };
		1D5954742A307C0A00D13E72 /* Assets.xcassets in Resources */ = {isa = PBXBuildFile; fileRef = 1D5954732A307C0A00D13E72 /* Assets.xcassets */; };
		1D5954772A307C0A00D13E72 /* LaunchScreen.storyboard in Resources */ = {isa = PBXBuildFile; fileRef = 1D5954752A307C0A00D13E72 /* LaunchScreen.storyboard */; };
		1D59547F2A30AB9900D13E72 /* CheckListItem.swift in Sources */ = {isa = PBXBuildFile; fileRef = 1D59547E2A30AB9900D13E72 /* CheckListItem.swift */; };
/* End PBXBuildFile section */

/* Begin PBXFileReference section */
		1D42B7542A3732990062EEAA /* AddItemViewController.swift */ = {isa = PBXFileReference; lastKnownFileType = sourcecode.swift; path = AddItemViewController.swift; sourceTree = "<group>"; };
		1D5954672A307C0900D13E72 /* Remind Me.app */ = {isa = PBXFileReference; explicitFileType = wrapper.application; includeInIndex = 0; path = "Remind Me.app"; sourceTree = BUILT_PRODUCTS_DIR; };
		1D59546A2A307C0900D13E72 /* AppDelegate.swift */ = {isa = PBXFileReference; lastKnownFileType = sourcecode.swift; path = AppDelegate.swift; sourceTree = "<group>"; };
		1D59546C2A307C0900D13E72 /* SceneDelegate.swift */ = {isa = PBXFileReference; lastKnownFileType = sourcecode.swift; path = SceneDelegate.swift; sourceTree = "<group>"; };
		1D59546E2A307C0900D13E72 /* MainViewController.swift */ = {isa = PBXFileReference; lastKnownFileType = sourcecode.swift; path = MainViewController.swift; sourceTree = "<group>"; };
		1D5954712A307C0900D13E72 /* Base */ = {isa = PBXFileReference; lastKnownFileType = file.storyboard; name = Base; path = Base.lproj/Main.storyboard; sourceTree = "<group>"; };
		1D5954732A307C0A00D13E72 /* Assets.xcassets */ = {isa = PBXFileReference; lastKnownFileType = folder.assetcatalog; path = Assets.xcassets; sourceTree = "<group>"; };
		1D5954762A307C0A00D13E72 /* Base */ = {isa = PBXFileReference; lastKnownFileType = file.storyboard; name = Base; path = Base.lproj/LaunchScreen.storyboard; sourceTree = "<group>"; };
		1D5954782A307C0A00D13E72 /* Info.plist */ = {isa = PBXFileReference; lastKnownFileType = text.plist.xml; path = Info.plist; sourceTree = "<group>"; };
		1D59547E2A30AB9900D13E72 /* CheckListItem.swift */ = {isa = PBXFileReference; lastKnownFileType = sourcecode.swift; path = CheckListItem.swift; sourceTree = "<group>"; };
/* End PBXFileReference section */

/* Begin PBXFrameworksBuildPhase section */
		1D5954642A307C0900D13E72 /* Frameworks */ = {
			isa = PBXFrameworksBuildPhase;
			buildActionMask = 2147483647;
			files = (
			);
			runOnlyForDeploymentPostprocessing = 0;
		};
/* End PBXFrameworksBuildPhase section */

/* Begin PBXGroup section */
		1D03AB992A38A7B700A87A55 /* Models */ = {
			isa = PBXGroup;
			children = (
				1D59547E2A30AB9900D13E72 /* CheckListItem.swift */,
			);
			path = Models;
			sourceTree = "<group>";
		};
		1D59545E2A307C0900D13E72 = {
			isa = PBXGroup;
			children = (
				1D5954692A307C0900D13E72 /* Remind Me */,
				1D5954682A307C0900D13E72 /* Products */,
			);
			sourceTree = "<group>";
		};
		1D5954682A307C0900D13E72 /* Products */ = {
			isa = PBXGroup;
			children = (
				1D5954672A307C0900D13E72 /* Remind Me.app */,
			);
			name = Products;
			sourceTree = "<group>";
		};
		1D5954692A307C0900D13E72 /* Remind Me */ = {
			isa = PBXGroup;
			children = (
				1D59546A2A307C0900D13E72 /* AppDelegate.swift */,
				1D59546C2A307C0900D13E72 /* SceneDelegate.swift */,
				1D03AB992A38A7B700A87A55 /* Models */,
				1D59546E2A307C0900D13E72 /* MainViewController.swift */,
				1D42B7542A3732990062EEAA /* AddItemViewController.swift */,
				1D5954702A307C0900D13E72 /* Main.storyboard */,
				1D5954732A307C0A00D13E72 /* Assets.xcassets */,
				1D5954752A307C0A00D13E72 /* LaunchScreen.storyboard */,
				1D5954782A307C0A00D13E72 /* Info.plist */,
			);
			path = "Remind Me";
			sourceTree = "<group>";
		};
/* End PBXGroup section */

/* Begin PBXNativeTarget section */
		1D5954662A307C0900D13E72 /* Remind Me */ = {
			isa = PBXNativeTarget;
			buildConfigurationList = 1D59547B2A307C0A00D13E72 /* Build configuration list for PBXNativeTarget "Remind Me" */;
			buildPhases = (
				1D5954632A307C0900D13E72 /* Sources */,
				1D5954642A307C0900D13E72 /* Frameworks */,
				1D5954652A307C0900D13E72 /* Resources */,
			);
			buildRules = (
			);
			dependencies = (
			);
			name = "Remind Me";
			productName = "Remind Me";
			productReference = 1D5954672A307C0900D13E72 /* Remind Me.app */;
			productType = "com.apple.product-type.application";
		};
/* End PBXNativeTarget section */

/* Begin PBXProject section */
		1D59545F2A307C0900D13E72 /* Project object */ = {
			isa = PBXProject;
			attributes = {
				BuildIndependentTargetsInParallel = 1;
				LastSwiftUpdateCheck = 1430;
				LastUpgradeCheck = 1430;
				TargetAttributes = {
					1D5954662A307C0900D13E72 = {
						CreatedOnToolsVersion = 14.3;
					};
				};
			};
			buildConfigurationList = 1D5954622A307C0900D13E72 /* Build configuration list for PBXProject "Remind Me" */;
			compatibilityVersion = "Xcode 14.0";
			developmentRegion = en;
			hasScannedForEncodings = 0;
			knownRegions = (
				en,
				Base,
			);
			mainGroup = 1D59545E2A307C0900D13E72;
			productRefGroup = 1D5954682A307C0900D13E72 /* Products */;
			projectDirPath = "";
			projectRoot = "";
			targets = (
				1D5954662A307C0900D13E72 /* Remind Me */,
			);
		};
/* End PBXProject section */

/* Begin PBXResourcesBuildPhase section */
		1D5954652A307C0900D13E72 /* Resources */ = {
			isa = PBXResourcesBuildPhase;
			buildActionMask = 2147483647;
			files = (
				1D5954772A307C0A00D13E72 /* LaunchScreen.storyboard in Resources */,
				1D5954742A307C0A00D13E72 /* Assets.xcassets in Resources */,
				1D5954722A307C0900D13E72 /* Main.storyboard in Resources */,
			);
			runOnlyForDeploymentPostprocessing = 0;
		};
/* End PBXResourcesBuildPhase section */

/* Begin PBXSourcesBuildPhase section */
		1D5954632A307C0900D13E72 /* Sources */ = {
			isa = PBXSourcesBuildPhase;
			buildActionMask = 2147483647;
			files = (
				1D42B7552A3732990062EEAA /* AddItemViewController.swift in Sources */,
				1D59546F2A307C0900D13E72 /* MainViewController.swift in Sources */,
				1D59546B2A307C0900D13E72 /* AppDelegate.swift in Sources */,
				1D59546D2A307C0900D13E72 /* SceneDelegate.swift in Sources */,
				1D59547F2A30AB9900D13E72 /* CheckListItem.swift in Sources */,
			);
			runOnlyForDeploymentPostprocessing = 0;
		};
/* End PBXSourcesBuildPhase section */

/* Begin PBXVariantGroup section */
		1D5954702A307C0900D13E72 /* Main.storyboard */ = {
			isa = PBXVariantGroup;
			children = (
				1D5954712A307C0900D13E72 /* Base */,
			);
			name = Main.storyboard;
			sourceTree = "<group>";
		};
		1D5954752A307C0A00D13E72 /* LaunchScreen.storyboard */ = {
			isa = PBXVariantGroup;
			children = (
				1D5954762A307C0A00D13E72 /* Base */,
			);
			name = LaunchScreen.storyboard;
			sourceTree = "<group>";
		};
/* End PBXVariantGroup section */

/* Begin XCBuildConfiguration section */
		1D5954792A307C0A00D13E72 /* Debug */ = {
			isa = XCBuildConfiguration;
			buildSettings = {
				ALWAYS_SEARCH_USER_PATHS = NO;
				CLANG_ANALYZER_NONNULL = YES;
				CLANG_ANALYZER_NUMBER_OBJECT_CONVERSION = YES_AGGRESSIVE;
				CLANG_CXX_LANGUAGE_STANDARD = "gnu++20";
				CLANG_ENABLE_MODULES = YES;
				CLANG_ENABLE_OBJC_ARC = YES;
				CLANG_ENABLE_OBJC_WEAK = YES;
				CLANG_WARN_BLOCK_CAPTURE_AUTORELEASING = YES;
				CLANG_WARN_BOOL_CONVERSION = YES;
				CLANG_WARN_COMMA = YES;
				CLANG_WARN_CONSTANT_CONVERSION = YES;
				CLANG_WARN_DEPRECATED_OBJC_IMPLEMENTATIONS = YES;
				CLANG_WARN_DIRECT_OBJC_ISA_USAGE = YES_ERROR;
				CLANG_WARN_DOCUMENTATION_COMMENTS = YES;
				CLANG_WARN_EMPTY_BODY = YES;
				CLANG_WARN_ENUM_CONVERSION = YES;
				CLANG_WARN_INFINITE_RECURSION = YES;
				CLANG_WARN_INT_CONVERSION = YES;
				CLANG_WARN_NON_LITERAL_NULL_CONVERSION = YES;
				CLANG_WARN_OBJC_IMPLICIT_RETAIN_SELF = YES;
				CLANG_WARN_OBJC_LITERAL_CONVERSION = YES;
				CLANG_WARN_OBJC_ROOT_CLASS = YES_ERROR;
				CLANG_WARN_QUOTED_INCLUDE_IN_FRAMEWORK_HEADER = YES;
				CLANG_WARN_RANGE_LOOP_ANALYSIS = YES;
				CLANG_WARN_STRICT_PROTOTYPES = YES;
				CLANG_WARN_SUSPICIOUS_MOVE = YES;
				CLANG_WARN_UNGUARDED_AVAILABILITY = YES_AGGRESSIVE;
				CLANG_WARN_UNREACHABLE_CODE = YES;
				CLANG_WARN__DUPLICATE_METHOD_MATCH = YES;
				COPY_PHASE_STRIP = NO;
				DEBUG_INFORMATION_FORMAT = dwarf;
				ENABLE_STRICT_OBJC_MSGSEND = YES;
				ENABLE_TESTABILITY = YES;
				GCC_C_LANGUAGE_STANDARD = gnu11;
				GCC_DYNAMIC_NO_PIC = NO;
				GCC_NO_COMMON_BLOCKS = YES;
				GCC_OPTIMIZATION_LEVEL = 0;
				GCC_PREPROCESSOR_DEFINITIONS = (
					"DEBUG=1",
					"$(inherited)",
				);
				GCC_WARN_64_TO_32_BIT_CONVERSION = YES;
				GCC_WARN_ABOUT_RETURN_TYPE = YES_ERROR;
				GCC_WARN_UNDECLARED_SELECTOR = YES;
				GCC_WARN_UNINITIALIZED_AUTOS = YES_AGGRESSIVE;
				GCC_WARN_UNUSED_FUNCTION = YES;
				GCC_WARN_UNUSED_VARIABLE = YES;
				IPHONEOS_DEPLOYMENT_TARGET = 16.4;
				MTL_ENABLE_DEBUG_INFO = INCLUDE_SOURCE;
				MTL_FAST_MATH = YES;
				ONLY_ACTIVE_ARCH = YES;
				SDKROOT = iphoneos;
				SWIFT_ACTIVE_COMPILATION_CONDITIONS = DEBUG;
				SWIFT_OPTIMIZATION_LEVEL = "-Onone";
			};
			name = Debug;
		};
		1D59547A2A307C0A00D13E72 /* Release */ = {
			isa = XCBuildConfiguration;
			buildSettings = {
				ALWAYS_SEARCH_USER_PATHS = NO;
				CLANG_ANALYZER_NONNULL = YES;
				CLANG_ANALYZER_NUMBER_OBJECT_CONVERSION = YES_AGGRESSIVE;
				CLANG_CXX_LANGUAGE_STANDARD = "gnu++20";
				CLANG_ENABLE_MODULES = YES;
				CLANG_ENABLE_OBJC_ARC = YES;
				CLANG_ENABLE_OBJC_WEAK = YES;
				CLANG_WARN_BLOCK_CAPTURE_AUTORELEASING = YES;
				CLANG_WARN_BOOL_CONVERSION = YES;
				CLANG_WARN_COMMA = YES;
				CLANG_WARN_CONSTANT_CONVERSION = YES;
				CLANG_WARN_DEPRECATED_OBJC_IMPLEMENTATIONS = YES;
				CLANG_WARN_DIRECT_OBJC_ISA_USAGE = YES_ERROR;
				CLANG_WARN_DOCUMENTATION_COMMENTS = YES;
				CLANG_WARN_EMPTY_BODY = YES;
				CLANG_WARN_ENUM_CONVERSION = YES;
				CLANG_WARN_INFINITE_RECURSION = YES;
				CLANG_WARN_INT_CONVERSION = YES;
				CLANG_WARN_NON_LITERAL_NULL_CONVERSION = YES;
				CLANG_WARN_OBJC_IMPLICIT_RETAIN_SELF = YES;
				CLANG_WARN_OBJC_LITERAL_CONVERSION = YES;
				CLANG_WARN_OBJC_ROOT_CLASS = YES_ERROR;
				CLANG_WARN_QUOTED_INCLUDE_IN_FRAMEWORK_HEADER = YES;
				CLANG_WARN_RANGE_LOOP_ANALYSIS = YES;
				CLANG_WARN_STRICT_PROTOTYPES = YES;
				CLANG_WARN_SUSPICIOUS_MOVE = YES;
				CLANG_WARN_UNGUARDED_AVAILABILITY = YES_AGGRESSIVE;
				CLANG_WARN_UNREACHABLE_CODE = YES;
				CLANG_WARN__DUPLICATE_METHOD_MATCH = YES;
				COPY_PHASE_STRIP = NO;
				DEBUG_INFORMATION_FORMAT = "dwarf-with-dsym";
				ENABLE_NS_ASSERTIONS = NO;
				ENABLE_STRICT_OBJC_MSGSEND = YES;
				GCC_C_LANGUAGE_STANDARD = gnu11;
				GCC_NO_COMMON_BLOCKS = YES;
				GCC_WARN_64_TO_32_BIT_CONVERSION = YES;
				GCC_WARN_ABOUT_RETURN_TYPE = YES_ERROR;
				GCC_WARN_UNDECLARED_SELECTOR = YES;
				GCC_WARN_UNINITIALIZED_AUTOS = YES_AGGRESSIVE;
				GCC_WARN_UNUSED_FUNCTION = YES;
				GCC_WARN_UNUSED_VARIABLE = YES;
				IPHONEOS_DEPLOYMENT_TARGET = 16.4;
				MTL_ENABLE_DEBUG_INFO = NO;
				MTL_FAST_MATH = YES;
				SDKROOT = iphoneos;
				SWIFT_COMPILATION_MODE = wholemodule;
				SWIFT_OPTIMIZATION_LEVEL = "-O";
				VALIDATE_PRODUCT = YES;
			};
			name = Release;
		};
		1D59547C2A307C0A00D13E72 /* Debug */ = {
			isa = XCBuildConfiguration;
			buildSettings = {
				ASSETCATALOG_COMPILER_APPICON_NAME = AppIcon;
				ASSETCATALOG_COMPILER_GLOBAL_ACCENT_COLOR_NAME = AccentColor;
				CODE_SIGN_STYLE = Automatic;
				CURRENT_PROJECT_VERSION = 1;
				DEVELOPMENT_TEAM = V9FFU52WUP;
				GENERATE_INFOPLIST_FILE = YES;
				INFOPLIST_FILE = "Remind Me/Info.plist";
				INFOPLIST_KEY_UIApplicationSupportsIndirectInputEvents = YES;
				INFOPLIST_KEY_UILaunchStoryboardName = LaunchScreen;
				INFOPLIST_KEY_UIMainStoryboardFile = Main;
				INFOPLIST_KEY_UISupportedInterfaceOrientations = UIInterfaceOrientationPortrait;
				INFOPLIST_KEY_UISupportedInterfaceOrientations_iPad = "UIInterfaceOrientationLandscapeLeft UIInterfaceOrientationLandscapeRight UIInterfaceOrientationPortrait UIInterfaceOrientationPortraitUpsideDown";
				IPHONEOS_DEPLOYMENT_TARGET = 13.0;
				LD_RUNPATH_SEARCH_PATHS = (
					"$(inherited)",
					"@executable_path/Frameworks",
				);
				MARKETING_VERSION = 1.0;
				PRODUCT_BUNDLE_IDENTIFIER = "com.artem-sergeev.Remind-Me";
				PRODUCT_NAME = "$(TARGET_NAME)";
				SWIFT_EMIT_LOC_STRINGS = YES;
				SWIFT_VERSION = 5.0;
				TARGETED_DEVICE_FAMILY = "1,2";
			};
			name = Debug;
		};
		1D59547D2A307C0A00D13E72 /* Release */ = {
			isa = XCBuildConfiguration;
			buildSettings = {
				ASSETCATALOG_COMPILER_APPICON_NAME = AppIcon;
				ASSETCATALOG_COMPILER_GLOBAL_ACCENT_COLOR_NAME = AccentColor;
				CODE_SIGN_STYLE = Automatic;
				CURRENT_PROJECT_VERSION = 1;
				DEVELOPMENT_TEAM = V9FFU52WUP;
				GENERATE_INFOPLIST_FILE = YES;
				INFOPLIST_FILE = "Remind Me/Info.plist";
				INFOPLIST_KEY_UIApplicationSupportsIndirectInputEvents = YES;
				INFOPLIST_KEY_UILaunchStoryboardName = LaunchScreen;
				INFOPLIST_KEY_UIMainStoryboardFile = Main;
				INFOPLIST_KEY_UISupportedInterfaceOrientations = UIInterfaceOrientationPortrait;
				INFOPLIST_KEY_UISupportedInterfaceOrientations_iPad = "UIInterfaceOrientationLandscapeLeft UIInterfaceOrientationLandscapeRight UIInterfaceOrientationPortrait UIInterfaceOrientationPortraitUpsideDown";
				IPHONEOS_DEPLOYMENT_TARGET = 13.0;
				LD_RUNPATH_SEARCH_PATHS = (
					"$(inherited)",
					"@executable_path/Frameworks",
				);
				MARKETING_VERSION = 1.0;
				PRODUCT_BUNDLE_IDENTIFIER = "com.artem-sergeev.Remind-Me";
				PRODUCT_NAME = "$(TARGET_NAME)";
				SWIFT_EMIT_LOC_STRINGS = YES;
				SWIFT_VERSION = 5.0;
				TARGETED_DEVICE_FAMILY = "1,2";
			};
			name = Release;
		};
/* End XCBuildConfiguration section */

/* Begin XCConfigurationList section */
		1D5954622A307C0900D13E72 /* Build configuration list for PBXProject "Remind Me" */ = {
			isa = XCConfigurationList;
			buildConfigurations = (
				1D5954792A307C0A00D13E72 /* Debug */,
				1D59547A2A307C0A00D13E72 /* Release */,
			);
			defaultConfigurationIsVisible = 0;
			defaultConfigurationName = Release;
		};
		1D59547B2A307C0A00D13E72 /* Build configuration list for PBXNativeTarget "Remind Me" */ = {
			isa = XCConfigurationList;
			buildConfigurations = (
				1D59547C2A307C0A00D13E72 /* Debug */,
				1D59547D2A307C0A00D13E72 /* Release */,
			);
			defaultConfigurationIsVisible = 0;
			defaultConfigurationName = Release;
		};
/* End XCConfigurationList section */
	};
	rootObject = 1D59545F2A307C0900D13E72 /* Project object */;
}
